// !$*UTF8*$!
{
	archiveVersion = 1;
	classes = {
	};
	objectVersion = 46;
	objects = {

/* Begin PBXBuildFile section */
		1C1B24261C73F95C00F1EE2E /* CDIManagedObjectCache.swift in Sources */ = {isa = PBXBuildFile; fileRef = 1C1B24251C73F95C00F1EE2E /* CDIManagedObjectCache.swift */; };
		1C1B24281C73FB8200F1EE2E /* CDIManagedObjectCacheTests.swift in Sources */ = {isa = PBXBuildFile; fileRef = 1C1B24271C73FB8200F1EE2E /* CDIManagedObjectCacheTests.swift */; };
		1C1B242D1C752AEB00F1EE2E /* CDIRepresentation.swift in Sources */ = {isa = PBXBuildFile; fileRef = 1C1B242C1C752AEB00F1EE2E /* CDIRepresentation.swift */; };
		1C40E6F41C6AC59A0044F2D3 /* CoreDataImportKit.h in Headers */ = {isa = PBXBuildFile; fileRef = 1C40E6F31C6AC59A0044F2D3 /* CoreDataImportKit.h */; settings = {ATTRIBUTES = (Public, ); }; };
		1C40E6FB1C6AC59A0044F2D3 /* CoreDataImportKit.framework in Frameworks */ = {isa = PBXBuildFile; fileRef = 1C40E6F01C6AC5990044F2D3 /* CoreDataImportKit.framework */; };
		1C40E7001C6AC59A0044F2D3 /* CoreDataImportKitTests.swift in Sources */ = {isa = PBXBuildFile; fileRef = 1C40E6FF1C6AC59A0044F2D3 /* CoreDataImportKitTests.swift */; };
		1C5645401C6BE63F007D0C24 /* CDICoreData.xcdatamodeld in Sources */ = {isa = PBXBuildFile; fileRef = 1C56453E1C6BE63F007D0C24 /* CDICoreData.xcdatamodeld */; };
		1C5645431C6C0803007D0C24 /* Person+CoreDataProperties.swift in Sources */ = {isa = PBXBuildFile; fileRef = 1C5645411C6C0803007D0C24 /* Person+CoreDataProperties.swift */; };
		1C5645441C6C0803007D0C24 /* Person.swift in Sources */ = {isa = PBXBuildFile; fileRef = 1C5645421C6C0803007D0C24 /* Person.swift */; };
		1C5645471C6C0B86007D0C24 /* CDIMappingTests.swift in Sources */ = {isa = PBXBuildFile; fileRef = 1C5645461C6C0B86007D0C24 /* CDIMappingTests.swift */; };
		1C5645491C6D414A007D0C24 /* CDIMapping.swift in Sources */ = {isa = PBXBuildFile; fileRef = 1C5645481C6D414A007D0C24 /* CDIMapping.swift */; };
		1C56454C1C6D6B5E007D0C24 /* Printer+CoreDataProperties.swift in Sources */ = {isa = PBXBuildFile; fileRef = 1C56454A1C6D6B5E007D0C24 /* Printer+CoreDataProperties.swift */; };
		1C56454D1C6D6B5E007D0C24 /* Printer.swift in Sources */ = {isa = PBXBuildFile; fileRef = 1C56454B1C6D6B5E007D0C24 /* Printer.swift */; };
		1CA27E011C767B83005E379B /* Company+CoreDataProperties.swift in Sources */ = {isa = PBXBuildFile; fileRef = 1CA27DFF1C767B83005E379B /* Company+CoreDataProperties.swift */; };
		1CA27E021C767B83005E379B /* Company.swift in Sources */ = {isa = PBXBuildFile; fileRef = 1CA27E001C767B83005E379B /* Company.swift */; };
		1CA27E0F1C7788F5005E379B /* CDIImport.swift in Sources */ = {isa = PBXBuildFile; fileRef = 1CA27E0E1C7788F5005E379B /* CDIImport.swift */; };
		1CA27E111C778EC1005E379B /* CDIImportTests.swift in Sources */ = {isa = PBXBuildFile; fileRef = 1CA27E101C778EC1005E379B /* CDIImportTests.swift */; };
		1CA27E131C77EFA0005E379B /* NSManagedObject+Shortcuts.swift in Sources */ = {isa = PBXBuildFile; fileRef = 1CA27E121C77EFA0005E379B /* NSManagedObject+Shortcuts.swift */; };
		1CE975E01C7D36E400C03404 /* CDIManagedObjectProtocol.swift in Sources */ = {isa = PBXBuildFile; fileRef = 1CE975DF1C7D36E400C03404 /* CDIManagedObjectProtocol.swift */; };
		1CEB0E421C84DA5200C5D09E /* CDIImportJsonTests.swift in Sources */ = {isa = PBXBuildFile; fileRef = 1CEB0E411C84DA5200C5D09E /* CDIImportJsonTests.swift */; };
		1CEB0E441C84DB4200C5D09E /* People.json in Resources */ = {isa = PBXBuildFile; fileRef = 1CEB0E431C84DB4200C5D09E /* People.json */; };
		1CEB0E4B1C84E8C700C5D09E /* Company.json in Resources */ = {isa = PBXBuildFile; fileRef = 1CEB0E451C84E8C700C5D09E /* Company.json */; };
		1CEB0E4C1C84E8C700C5D09E /* PeopleWithRoot.json in Resources */ = {isa = PBXBuildFile; fileRef = 1CEB0E461C84E8C700C5D09E /* PeopleWithRoot.json */; };
		1CEB0E4D1C84E8C700C5D09E /* Person.json in Resources */ = {isa = PBXBuildFile; fileRef = 1CEB0E471C84E8C700C5D09E /* Person.json */; };
		1CEB0E4F1C84E8C700C5D09E /* PersonWithRoot.json in Resources */ = {isa = PBXBuildFile; fileRef = 1CEB0E491C84E8C700C5D09E /* PersonWithRoot.json */; };
		1CEB0E501C84E8C700C5D09E /* RawAttributes.json in Resources */ = {isa = PBXBuildFile; fileRef = 1CEB0E4A1C84E8C700C5D09E /* RawAttributes.json */; };
		1CEB0E531C850E1500C5D09E /* Computer+CoreDataProperties.swift in Sources */ = {isa = PBXBuildFile; fileRef = 1CEB0E511C850E1500C5D09E /* Computer+CoreDataProperties.swift */; };
		1CEB0E541C850E1500C5D09E /* Computer.swift in Sources */ = {isa = PBXBuildFile; fileRef = 1CEB0E521C850E1500C5D09E /* Computer.swift */; };
		1CEEDB281C7F8A900039D145 /* EveryAttributeType+CoreDataProperties.swift in Sources */ = {isa = PBXBuildFile; fileRef = 1CEEDB261C7F8A900039D145 /* EveryAttributeType+CoreDataProperties.swift */; };
		1CEEDB291C7F8A900039D145 /* EveryAttributeType.swift in Sources */ = {isa = PBXBuildFile; fileRef = 1CEEDB271C7F8A900039D145 /* EveryAttributeType.swift */; };
/* End PBXBuildFile section */

/* Begin PBXContainerItemProxy section */
		1C40E6FC1C6AC59A0044F2D3 /* PBXContainerItemProxy */ = {
			isa = PBXContainerItemProxy;
			containerPortal = 1C40E6E71C6AC5990044F2D3 /* Project object */;
			proxyType = 1;
			remoteGlobalIDString = 1C40E6EF1C6AC5990044F2D3;
			remoteInfo = CoreDataImportKit;
		};
/* End PBXContainerItemProxy section */

/* Begin PBXFileReference section */
		1C1B24251C73F95C00F1EE2E /* CDIManagedObjectCache.swift */ = {isa = PBXFileReference; fileEncoding = 4; lastKnownFileType = sourcecode.swift; name = CDIManagedObjectCache.swift; path = Source/Core/CDIManagedObjectCache.swift; sourceTree = "<group>"; };
		1C1B24271C73FB8200F1EE2E /* CDIManagedObjectCacheTests.swift */ = {isa = PBXFileReference; fileEncoding = 4; lastKnownFileType = sourcecode.swift; name = CDIManagedObjectCacheTests.swift; path = Tests/CDIManagedObjectCacheTests.swift; sourceTree = "<group>"; };
		1C1B242C1C752AEB00F1EE2E /* CDIRepresentation.swift */ = {isa = PBXFileReference; fileEncoding = 4; lastKnownFileType = sourcecode.swift; name = CDIRepresentation.swift; path = Utility/CDIRepresentation.swift; sourceTree = "<group>"; };
		1C40E6F01C6AC5990044F2D3 /* CoreDataImportKit.framework */ = {isa = PBXFileReference; explicitFileType = wrapper.framework; includeInIndex = 0; path = CoreDataImportKit.framework; sourceTree = BUILT_PRODUCTS_DIR; };
		1C40E6F31C6AC59A0044F2D3 /* CoreDataImportKit.h */ = {isa = PBXFileReference; lastKnownFileType = sourcecode.c.h; path = CoreDataImportKit.h; sourceTree = "<group>"; };
		1C40E6F51C6AC59A0044F2D3 /* Info.plist */ = {isa = PBXFileReference; lastKnownFileType = text.plist.xml; path = Info.plist; sourceTree = "<group>"; };
		1C40E6FA1C6AC59A0044F2D3 /* CoreDataImportKitTests.xctest */ = {isa = PBXFileReference; explicitFileType = wrapper.cfbundle; includeInIndex = 0; path = CoreDataImportKitTests.xctest; sourceTree = BUILT_PRODUCTS_DIR; };
		1C40E6FF1C6AC59A0044F2D3 /* CoreDataImportKitTests.swift */ = {isa = PBXFileReference; lastKnownFileType = sourcecode.swift; path = CoreDataImportKitTests.swift; sourceTree = "<group>"; };
		1C40E7011C6AC59A0044F2D3 /* Info.plist */ = {isa = PBXFileReference; lastKnownFileType = text.plist.xml; path = Info.plist; sourceTree = "<group>"; };
		1C56453F1C6BE63F007D0C24 /* CDICoreData.xcdatamodel */ = {isa = PBXFileReference; lastKnownFileType = wrapper.xcdatamodel; path = CDICoreData.xcdatamodel; sourceTree = "<group>"; };
		1C5645411C6C0803007D0C24 /* Person+CoreDataProperties.swift */ = {isa = PBXFileReference; fileEncoding = 4; lastKnownFileType = sourcecode.swift; name = "Person+CoreDataProperties.swift"; path = "Models/Person+CoreDataProperties.swift"; sourceTree = "<group>"; };
		1C5645421C6C0803007D0C24 /* Person.swift */ = {isa = PBXFileReference; fileEncoding = 4; lastKnownFileType = sourcecode.swift; name = Person.swift; path = Models/Person.swift; sourceTree = "<group>"; };
		1C5645461C6C0B86007D0C24 /* CDIMappingTests.swift */ = {isa = PBXFileReference; fileEncoding = 4; lastKnownFileType = sourcecode.swift; name = CDIMappingTests.swift; path = Tests/CDIMappingTests.swift; sourceTree = "<group>"; };
		1C5645481C6D414A007D0C24 /* CDIMapping.swift */ = {isa = PBXFileReference; fileEncoding = 4; lastKnownFileType = sourcecode.swift; name = CDIMapping.swift; path = Source/Core/CDIMapping.swift; sourceTree = "<group>"; };
		1C56454A1C6D6B5E007D0C24 /* Printer+CoreDataProperties.swift */ = {isa = PBXFileReference; fileEncoding = 4; lastKnownFileType = sourcecode.swift; name = "Printer+CoreDataProperties.swift"; path = "Models/Printer+CoreDataProperties.swift"; sourceTree = "<group>"; };
		1C56454B1C6D6B5E007D0C24 /* Printer.swift */ = {isa = PBXFileReference; fileEncoding = 4; lastKnownFileType = sourcecode.swift; name = Printer.swift; path = Models/Printer.swift; sourceTree = "<group>"; };
		1CA27DFF1C767B83005E379B /* Company+CoreDataProperties.swift */ = {isa = PBXFileReference; fileEncoding = 4; lastKnownFileType = sourcecode.swift; name = "Company+CoreDataProperties.swift"; path = "Models/Company+CoreDataProperties.swift"; sourceTree = "<group>"; };
		1CA27E001C767B83005E379B /* Company.swift */ = {isa = PBXFileReference; fileEncoding = 4; lastKnownFileType = sourcecode.swift; name = Company.swift; path = Models/Company.swift; sourceTree = "<group>"; };
		1CA27E0E1C7788F5005E379B /* CDIImport.swift */ = {isa = PBXFileReference; fileEncoding = 4; lastKnownFileType = sourcecode.swift; name = CDIImport.swift; path = Source/Core/CDIImport.swift; sourceTree = "<group>"; };
		1CA27E101C778EC1005E379B /* CDIImportTests.swift */ = {isa = PBXFileReference; fileEncoding = 4; lastKnownFileType = sourcecode.swift; name = CDIImportTests.swift; path = Tests/CDIImportTests.swift; sourceTree = "<group>"; };
		1CA27E121C77EFA0005E379B /* NSManagedObject+Shortcuts.swift */ = {isa = PBXFileReference; fileEncoding = 4; lastKnownFileType = sourcecode.swift; name = "NSManagedObject+Shortcuts.swift"; path = "Utilities/NSManagedObject+Shortcuts.swift"; sourceTree = "<group>"; };
		1CE975DF1C7D36E400C03404 /* CDIManagedObjectProtocol.swift */ = {isa = PBXFileReference; fileEncoding = 4; lastKnownFileType = sourcecode.swift; name = CDIManagedObjectProtocol.swift; path = Utility/CDIManagedObjectProtocol.swift; sourceTree = "<group>"; };
		1CEB0E411C84DA5200C5D09E /* CDIImportJsonTests.swift */ = {isa = PBXFileReference; fileEncoding = 4; lastKnownFileType = sourcecode.swift; name = CDIImportJsonTests.swift; path = Tests/CDIImportJsonTests.swift; sourceTree = "<group>"; };
		1CEB0E431C84DB4200C5D09E /* People.json */ = {isa = PBXFileReference; fileEncoding = 4; lastKnownFileType = text.json; name = People.json; path = Fixtures/People.json; sourceTree = "<group>"; };
		1CEB0E451C84E8C700C5D09E /* Company.json */ = {isa = PBXFileReference; fileEncoding = 4; lastKnownFileType = text.json; name = Company.json; path = Fixtures/Company.json; sourceTree = "<group>"; };
		1CEB0E461C84E8C700C5D09E /* PeopleWithRoot.json */ = {isa = PBXFileReference; fileEncoding = 4; lastKnownFileType = text.json; name = PeopleWithRoot.json; path = Fixtures/PeopleWithRoot.json; sourceTree = "<group>"; };
		1CEB0E471C84E8C700C5D09E /* Person.json */ = {isa = PBXFileReference; fileEncoding = 4; lastKnownFileType = text.json; name = Person.json; path = Fixtures/Person.json; sourceTree = "<group>"; };
		1CEB0E491C84E8C700C5D09E /* PersonWithRoot.json */ = {isa = PBXFileReference; fileEncoding = 4; lastKnownFileType = text.json; name = PersonWithRoot.json; path = Fixtures/PersonWithRoot.json; sourceTree = "<group>"; };
		1CEB0E4A1C84E8C700C5D09E /* RawAttributes.json */ = {isa = PBXFileReference; fileEncoding = 4; lastKnownFileType = text.json; name = RawAttributes.json; path = Fixtures/RawAttributes.json; sourceTree = "<group>"; };
		1CEB0E511C850E1500C5D09E /* Computer+CoreDataProperties.swift */ = {isa = PBXFileReference; fileEncoding = 4; lastKnownFileType = sourcecode.swift; name = "Computer+CoreDataProperties.swift"; path = "Models/Computer+CoreDataProperties.swift"; sourceTree = "<group>"; };
		1CEB0E521C850E1500C5D09E /* Computer.swift */ = {isa = PBXFileReference; fileEncoding = 4; lastKnownFileType = sourcecode.swift; name = Computer.swift; path = Models/Computer.swift; sourceTree = "<group>"; };
		1CEEDB261C7F8A900039D145 /* EveryAttributeType+CoreDataProperties.swift */ = {isa = PBXFileReference; fileEncoding = 4; lastKnownFileType = sourcecode.swift; name = "EveryAttributeType+CoreDataProperties.swift"; path = "Models/EveryAttributeType+CoreDataProperties.swift"; sourceTree = "<group>"; };
		1CEEDB271C7F8A900039D145 /* EveryAttributeType.swift */ = {isa = PBXFileReference; fileEncoding = 4; lastKnownFileType = sourcecode.swift; name = EveryAttributeType.swift; path = Models/EveryAttributeType.swift; sourceTree = "<group>"; };
/* End PBXFileReference section */

/* Begin PBXFrameworksBuildPhase section */
		1C40E6EC1C6AC5990044F2D3 /* Frameworks */ = {
			isa = PBXFrameworksBuildPhase;
			buildActionMask = 2147483647;
			files = (
			);
			runOnlyForDeploymentPostprocessing = 0;
		};
		1C40E6F71C6AC59A0044F2D3 /* Frameworks */ = {
			isa = PBXFrameworksBuildPhase;
			buildActionMask = 2147483647;
			files = (
				1C40E6FB1C6AC59A0044F2D3 /* CoreDataImportKit.framework in Frameworks */,
			);
			runOnlyForDeploymentPostprocessing = 0;
		};
/* End PBXFrameworksBuildPhase section */

/* Begin PBXGroup section */
		1C1B24291C73FE5A00F1EE2E /* Utility */ = {
			isa = PBXGroup;
			children = (
				1C1B242C1C752AEB00F1EE2E /* CDIRepresentation.swift */,
				1CE975DF1C7D36E400C03404 /* CDIManagedObjectProtocol.swift */,
			);
			name = Utility;
			sourceTree = "<group>";
		};
		1C40E6E61C6AC5990044F2D3 = {
			isa = PBXGroup;
			children = (
				1C40E6F21C6AC59A0044F2D3 /* CoreDataImportKit */,
				1C40E6FE1C6AC59A0044F2D3 /* CoreDataImportKitTests */,
				1C40E6F11C6AC5990044F2D3 /* Products */,
			);
			sourceTree = "<group>";
		};
		1C40E6F11C6AC5990044F2D3 /* Products */ = {
			isa = PBXGroup;
			children = (
				1C40E6F01C6AC5990044F2D3 /* CoreDataImportKit.framework */,
				1C40E6FA1C6AC59A0044F2D3 /* CoreDataImportKitTests.xctest */,
			);
			name = Products;
			sourceTree = "<group>";
		};
		1C40E6F21C6AC59A0044F2D3 /* CoreDataImportKit */ = {
			isa = PBXGroup;
			children = (
				1C56453C1C6BE5C4007D0C24 /* Source */,
				1C40E6F31C6AC59A0044F2D3 /* CoreDataImportKit.h */,
				1C40E6F51C6AC59A0044F2D3 /* Info.plist */,
			);
			path = CoreDataImportKit;
			sourceTree = "<group>";
		};
		1C40E6FE1C6AC59A0044F2D3 /* CoreDataImportKitTests */ = {
			isa = PBXGroup;
			children = (
				1C5645451C6C0A95007D0C24 /* Tests */,
				1C56453B1C6BE567007D0C24 /* Models */,
				1C56454F1C6E95F3007D0C24 /* Utilities */,
				1CA27E031C767BA5005E379B /* Fixtures */,
				1C40E6FF1C6AC59A0044F2D3 /* CoreDataImportKitTests.swift */,
				1C40E7011C6AC59A0044F2D3 /* Info.plist */,
			);
			path = CoreDataImportKitTests;
			sourceTree = "<group>";
		};
		1C56453B1C6BE567007D0C24 /* Models */ = {
			isa = PBXGroup;
			children = (
				1C56453E1C6BE63F007D0C24 /* CDICoreData.xcdatamodeld */,
				1C5645411C6C0803007D0C24 /* Person+CoreDataProperties.swift */,
				1C5645421C6C0803007D0C24 /* Person.swift */,
				1C56454A1C6D6B5E007D0C24 /* Printer+CoreDataProperties.swift */,
				1C56454B1C6D6B5E007D0C24 /* Printer.swift */,
				1CA27DFF1C767B83005E379B /* Company+CoreDataProperties.swift */,
				1CA27E001C767B83005E379B /* Company.swift */,
				1CEEDB261C7F8A900039D145 /* EveryAttributeType+CoreDataProperties.swift */,
				1CEEDB271C7F8A900039D145 /* EveryAttributeType.swift */,
				1CEB0E511C850E1500C5D09E /* Computer+CoreDataProperties.swift */,
				1CEB0E521C850E1500C5D09E /* Computer.swift */,
			);
			name = Models;
			sourceTree = "<group>";
		};
		1C56453C1C6BE5C4007D0C24 /* Source */ = {
			isa = PBXGroup;
			children = (
				1C56453D1C6BE5CB007D0C24 /* Core */,
				1C1B24291C73FE5A00F1EE2E /* Utility */,
			);
			name = Source;
			sourceTree = "<group>";
		};
		1C56453D1C6BE5CB007D0C24 /* Core */ = {
			isa = PBXGroup;
			children = (
				1C5645481C6D414A007D0C24 /* CDIMapping.swift */,
				1C1B24251C73F95C00F1EE2E /* CDIManagedObjectCache.swift */,
				1CA27E0E1C7788F5005E379B /* CDIImport.swift */,
			);
			name = Core;
			sourceTree = "<group>";
		};
		1C5645451C6C0A95007D0C24 /* Tests */ = {
			isa = PBXGroup;
			children = (
				1C5645461C6C0B86007D0C24 /* CDIMappingTests.swift */,
				1C1B24271C73FB8200F1EE2E /* CDIManagedObjectCacheTests.swift */,
				1CA27E101C778EC1005E379B /* CDIImportTests.swift */,
				1CEB0E411C84DA5200C5D09E /* CDIImportJsonTests.swift */,
			);
			name = Tests;
			sourceTree = "<group>";
		};
		1C56454F1C6E95F3007D0C24 /* Utilities */ = {
			isa = PBXGroup;
			children = (
				1CA27E121C77EFA0005E379B /* NSManagedObject+Shortcuts.swift */,
			);
			name = Utilities;
			sourceTree = "<group>";
		};
		1CA27E031C767BA5005E379B /* Fixtures */ = {
			isa = PBXGroup;
			children = (
				1CEB0E451C84E8C700C5D09E /* Company.json */,
				1CEB0E461C84E8C700C5D09E /* PeopleWithRoot.json */,
				1CEB0E471C84E8C700C5D09E /* Person.json */,
				1CEB0E491C84E8C700C5D09E /* PersonWithRoot.json */,
				1CEB0E4A1C84E8C700C5D09E /* RawAttributes.json */,
				1CEB0E431C84DB4200C5D09E /* People.json */,
			);
			name = Fixtures;
			sourceTree = "<group>";
		};
/* End PBXGroup section */

/* Begin PBXHeadersBuildPhase section */
		1C40E6ED1C6AC5990044F2D3 /* Headers */ = {
			isa = PBXHeadersBuildPhase;
			buildActionMask = 2147483647;
			files = (
				1C40E6F41C6AC59A0044F2D3 /* CoreDataImportKit.h in Headers */,
			);
			runOnlyForDeploymentPostprocessing = 0;
		};
/* End PBXHeadersBuildPhase section */

/* Begin PBXNativeTarget section */
		1C40E6EF1C6AC5990044F2D3 /* CoreDataImportKit */ = {
			isa = PBXNativeTarget;
			buildConfigurationList = 1C40E7041C6AC59A0044F2D3 /* Build configuration list for PBXNativeTarget "CoreDataImportKit" */;
			buildPhases = (
				1C40E6EB1C6AC5990044F2D3 /* Sources */,
				1C40E6EC1C6AC5990044F2D3 /* Frameworks */,
				1C40E6ED1C6AC5990044F2D3 /* Headers */,
				1C40E6EE1C6AC5990044F2D3 /* Resources */,
			);
			buildRules = (
			);
			dependencies = (
			);
			name = CoreDataImportKit;
			productName = CoreDataImportKit;
			productReference = 1C40E6F01C6AC5990044F2D3 /* CoreDataImportKit.framework */;
			productType = "com.apple.product-type.framework";
		};
		1C40E6F91C6AC59A0044F2D3 /* CoreDataImportKitTests */ = {
			isa = PBXNativeTarget;
			buildConfigurationList = 1C40E7071C6AC59A0044F2D3 /* Build configuration list for PBXNativeTarget "CoreDataImportKitTests" */;
			buildPhases = (
				1C40E6F61C6AC59A0044F2D3 /* Sources */,
				1C40E6F71C6AC59A0044F2D3 /* Frameworks */,
				1C40E6F81C6AC59A0044F2D3 /* Resources */,
			);
			buildRules = (
			);
			dependencies = (
				1C40E6FD1C6AC59A0044F2D3 /* PBXTargetDependency */,
			);
			name = CoreDataImportKitTests;
			productName = CoreDataImportKitTests;
			productReference = 1C40E6FA1C6AC59A0044F2D3 /* CoreDataImportKitTests.xctest */;
			productType = "com.apple.product-type.bundle.unit-test";
		};
/* End PBXNativeTarget section */

/* Begin PBXProject section */
		1C40E6E71C6AC5990044F2D3 /* Project object */ = {
			isa = PBXProject;
			attributes = {
				LastSwiftUpdateCheck = 0720;
				LastUpgradeCheck = 0720;
				ORGANIZATIONNAME = OrangeQC;
				TargetAttributes = {
					1C40E6EF1C6AC5990044F2D3 = {
						CreatedOnToolsVersion = 7.2.1;
					};
					1C40E6F91C6AC59A0044F2D3 = {
						CreatedOnToolsVersion = 7.2.1;
					};
				};
			};
			buildConfigurationList = 1C40E6EA1C6AC5990044F2D3 /* Build configuration list for PBXProject "CoreDataImportKit" */;
			compatibilityVersion = "Xcode 3.2";
			developmentRegion = English;
			hasScannedForEncodings = 0;
			knownRegions = (
				en,
			);
			mainGroup = 1C40E6E61C6AC5990044F2D3;
			productRefGroup = 1C40E6F11C6AC5990044F2D3 /* Products */;
			projectDirPath = "";
			projectRoot = "";
			targets = (
				1C40E6EF1C6AC5990044F2D3 /* CoreDataImportKit */,
				1C40E6F91C6AC59A0044F2D3 /* CoreDataImportKitTests */,
			);
		};
/* End PBXProject section */

/* Begin PBXResourcesBuildPhase section */
		1C40E6EE1C6AC5990044F2D3 /* Resources */ = {
			isa = PBXResourcesBuildPhase;
			buildActionMask = 2147483647;
			files = (
			);
			runOnlyForDeploymentPostprocessing = 0;
		};
		1C40E6F81C6AC59A0044F2D3 /* Resources */ = {
			isa = PBXResourcesBuildPhase;
			buildActionMask = 2147483647;
			files = (
				1CEB0E501C84E8C700C5D09E /* RawAttributes.json in Resources */,
				1CEB0E4F1C84E8C700C5D09E /* PersonWithRoot.json in Resources */,
				1CEB0E441C84DB4200C5D09E /* People.json in Resources */,
				1CEB0E4B1C84E8C700C5D09E /* Company.json in Resources */,
				1CEB0E4D1C84E8C700C5D09E /* Person.json in Resources */,
				1CEB0E4C1C84E8C700C5D09E /* PeopleWithRoot.json in Resources */,
			);
			runOnlyForDeploymentPostprocessing = 0;
		};
/* End PBXResourcesBuildPhase section */

/* Begin PBXSourcesBuildPhase section */
		1C40E6EB1C6AC5990044F2D3 /* Sources */ = {
			isa = PBXSourcesBuildPhase;
			buildActionMask = 2147483647;
			files = (
				1C1B242D1C752AEB00F1EE2E /* CDIRepresentation.swift in Sources */,
				1CE975E01C7D36E400C03404 /* CDIManagedObjectProtocol.swift in Sources */,
				1CA27E0F1C7788F5005E379B /* CDIImport.swift in Sources */,
				1C1B24261C73F95C00F1EE2E /* CDIManagedObjectCache.swift in Sources */,
				1C5645491C6D414A007D0C24 /* CDIMapping.swift in Sources */,
			);
			runOnlyForDeploymentPostprocessing = 0;
		};
		1C40E6F61C6AC59A0044F2D3 /* Sources */ = {
			isa = PBXSourcesBuildPhase;
			buildActionMask = 2147483647;
			files = (
				1C40E7001C6AC59A0044F2D3 /* CoreDataImportKitTests.swift in Sources */,
				1C5645471C6C0B86007D0C24 /* CDIMappingTests.swift in Sources */,
				1CEB0E531C850E1500C5D09E /* Computer+CoreDataProperties.swift in Sources */,
				1C5645401C6BE63F007D0C24 /* CDICoreData.xcdatamodeld in Sources */,
				1CEEDB281C7F8A900039D145 /* EveryAttributeType+CoreDataProperties.swift in Sources */,
				1CA27E021C767B83005E379B /* Company.swift in Sources */,
				1C5645441C6C0803007D0C24 /* Person.swift in Sources */,
				1C1B24281C73FB8200F1EE2E /* CDIManagedObjectCacheTests.swift in Sources */,
				1CA27E011C767B83005E379B /* Company+CoreDataProperties.swift in Sources */,
				1CEEDB291C7F8A900039D145 /* EveryAttributeType.swift in Sources */,
				1CEB0E421C84DA5200C5D09E /* CDIImportJsonTests.swift in Sources */,
				1C56454C1C6D6B5E007D0C24 /* Printer+CoreDataProperties.swift in Sources */,
				1C5645431C6C0803007D0C24 /* Person+CoreDataProperties.swift in Sources */,
				1CA27E131C77EFA0005E379B /* NSManagedObject+Shortcuts.swift in Sources */,
				1C56454D1C6D6B5E007D0C24 /* Printer.swift in Sources */,
				1CEB0E541C850E1500C5D09E /* Computer.swift in Sources */,
				1CA27E111C778EC1005E379B /* CDIImportTests.swift in Sources */,
			);
			runOnlyForDeploymentPostprocessing = 0;
		};
/* End PBXSourcesBuildPhase section */

/* Begin PBXTargetDependency section */
		1C40E6FD1C6AC59A0044F2D3 /* PBXTargetDependency */ = {
			isa = PBXTargetDependency;
			target = 1C40E6EF1C6AC5990044F2D3 /* CoreDataImportKit */;
			targetProxy = 1C40E6FC1C6AC59A0044F2D3 /* PBXContainerItemProxy */;
		};
/* End PBXTargetDependency section */

/* Begin XCBuildConfiguration section */
		1C40E7021C6AC59A0044F2D3 /* Debug */ = {
			isa = XCBuildConfiguration;
			buildSettings = {
				ALWAYS_SEARCH_USER_PATHS = NO;
				CLANG_CXX_LANGUAGE_STANDARD = "gnu++0x";
				CLANG_CXX_LIBRARY = "libc++";
				CLANG_ENABLE_MODULES = YES;
				CLANG_ENABLE_OBJC_ARC = YES;
				CLANG_WARN_BOOL_CONVERSION = YES;
				CLANG_WARN_CONSTANT_CONVERSION = YES;
				CLANG_WARN_DIRECT_OBJC_ISA_USAGE = YES_ERROR;
				CLANG_WARN_EMPTY_BODY = YES;
				CLANG_WARN_ENUM_CONVERSION = YES;
				CLANG_WARN_INT_CONVERSION = YES;
				CLANG_WARN_OBJC_ROOT_CLASS = YES_ERROR;
				CLANG_WARN_UNREACHABLE_CODE = YES;
				CLANG_WARN__DUPLICATE_METHOD_MATCH = YES;
				"CODE_SIGN_IDENTITY[sdk=iphoneos*]" = "iPhone Developer";
				COPY_PHASE_STRIP = NO;
				CURRENT_PROJECT_VERSION = 1;
				DEBUG_INFORMATION_FORMAT = dwarf;
				ENABLE_STRICT_OBJC_MSGSEND = YES;
				ENABLE_TESTABILITY = YES;
				GCC_C_LANGUAGE_STANDARD = gnu99;
				GCC_DYNAMIC_NO_PIC = NO;
				GCC_NO_COMMON_BLOCKS = YES;
				GCC_OPTIMIZATION_LEVEL = 0;
				GCC_PREPROCESSOR_DEFINITIONS = (
					"DEBUG=1",
					"$(inherited)",
				);
				GCC_WARN_64_TO_32_BIT_CONVERSION = YES;
				GCC_WARN_ABOUT_RETURN_TYPE = YES_ERROR;
				GCC_WARN_UNDECLARED_SELECTOR = YES;
				GCC_WARN_UNINITIALIZED_AUTOS = YES_AGGRESSIVE;
				GCC_WARN_UNUSED_FUNCTION = YES;
				GCC_WARN_UNUSED_VARIABLE = YES;
				IPHONEOS_DEPLOYMENT_TARGET = 8.0;
				MTL_ENABLE_DEBUG_INFO = YES;
				ONLY_ACTIVE_ARCH = YES;
				SDKROOT = iphoneos;
				SWIFT_OPTIMIZATION_LEVEL = "-Onone";
				TARGETED_DEVICE_FAMILY = "1,2";
				VERSIONING_SYSTEM = "apple-generic";
				VERSION_INFO_PREFIX = "";
			};
			name = Debug;
		};
		1C40E7031C6AC59A0044F2D3 /* Release */ = {
			isa = XCBuildConfiguration;
			buildSettings = {
				ALWAYS_SEARCH_USER_PATHS = NO;
				CLANG_CXX_LANGUAGE_STANDARD = "gnu++0x";
				CLANG_CXX_LIBRARY = "libc++";
				CLANG_ENABLE_MODULES = YES;
				CLANG_ENABLE_OBJC_ARC = YES;
				CLANG_WARN_BOOL_CONVERSION = YES;
				CLANG_WARN_CONSTANT_CONVERSION = YES;
				CLANG_WARN_DIRECT_OBJC_ISA_USAGE = YES_ERROR;
				CLANG_WARN_EMPTY_BODY = YES;
				CLANG_WARN_ENUM_CONVERSION = YES;
				CLANG_WARN_INT_CONVERSION = YES;
				CLANG_WARN_OBJC_ROOT_CLASS = YES_ERROR;
				CLANG_WARN_UNREACHABLE_CODE = YES;
				CLANG_WARN__DUPLICATE_METHOD_MATCH = YES;
				"CODE_SIGN_IDENTITY[sdk=iphoneos*]" = "iPhone Developer";
				COPY_PHASE_STRIP = NO;
				CURRENT_PROJECT_VERSION = 1;
				DEBUG_INFORMATION_FORMAT = "dwarf-with-dsym";
				ENABLE_NS_ASSERTIONS = NO;
				ENABLE_STRICT_OBJC_MSGSEND = YES;
				GCC_C_LANGUAGE_STANDARD = gnu99;
				GCC_NO_COMMON_BLOCKS = YES;
				GCC_WARN_64_TO_32_BIT_CONVERSION = YES;
				GCC_WARN_ABOUT_RETURN_TYPE = YES_ERROR;
				GCC_WARN_UNDECLARED_SELECTOR = YES;
				GCC_WARN_UNINITIALIZED_AUTOS = YES_AGGRESSIVE;
				GCC_WARN_UNUSED_FUNCTION = YES;
				GCC_WARN_UNUSED_VARIABLE = YES;
				IPHONEOS_DEPLOYMENT_TARGET = 8.0;
				MTL_ENABLE_DEBUG_INFO = NO;
				SDKROOT = iphoneos;
				TARGETED_DEVICE_FAMILY = "1,2";
				VALIDATE_PRODUCT = YES;
				VERSIONING_SYSTEM = "apple-generic";
				VERSION_INFO_PREFIX = "";
			};
			name = Release;
		};
		1C40E7051C6AC59A0044F2D3 /* Debug */ = {
			isa = XCBuildConfiguration;
			buildSettings = {
				CLANG_ENABLE_MODULES = YES;
				DEFINES_MODULE = YES;
				DYLIB_COMPATIBILITY_VERSION = 1;
				DYLIB_CURRENT_VERSION = 1;
				DYLIB_INSTALL_NAME_BASE = "@rpath";
				INFOPLIST_FILE = CoreDataImportKit/Info.plist;
				INSTALL_PATH = "$(LOCAL_LIBRARY_DIR)/Frameworks";
				LD_RUNPATH_SEARCH_PATHS = "$(inherited) @executable_path/Frameworks @loader_path/Frameworks";
				PRODUCT_BUNDLE_IDENTIFIER = com.orangeqc.CoreDataImportKit;
				PRODUCT_NAME = "$(TARGET_NAME)";
				SKIP_INSTALL = YES;
				SWIFT_OPTIMIZATION_LEVEL = "-Onone";
			};
			name = Debug;
		};
		1C40E7061C6AC59A0044F2D3 /* Release */ = {
			isa = XCBuildConfiguration;
			buildSettings = {
				CLANG_ENABLE_MODULES = YES;
				DEFINES_MODULE = YES;
				DYLIB_COMPATIBILITY_VERSION = 1;
				DYLIB_CURRENT_VERSION = 1;
				DYLIB_INSTALL_NAME_BASE = "@rpath";
				INFOPLIST_FILE = CoreDataImportKit/Info.plist;
				INSTALL_PATH = "$(LOCAL_LIBRARY_DIR)/Frameworks";
				LD_RUNPATH_SEARCH_PATHS = "$(inherited) @executable_path/Frameworks @loader_path/Frameworks";
				PRODUCT_BUNDLE_IDENTIFIER = com.orangeqc.CoreDataImportKit;
				PRODUCT_NAME = "$(TARGET_NAME)";
				SKIP_INSTALL = YES;
			};
			name = Release;
		};
		1C40E7081C6AC59A0044F2D3 /* Debug */ = {
			isa = XCBuildConfiguration;
			buildSettings = {
				INFOPLIST_FILE = CoreDataImportKitTests/Info.plist;
				LD_RUNPATH_SEARCH_PATHS = "$(inherited) @executable_path/Frameworks @loader_path/Frameworks";
				PRODUCT_BUNDLE_IDENTIFIER = com.orangeqc.CoreDataImportKitTests;
				PRODUCT_NAME = "$(TARGET_NAME)";
			};
			name = Debug;
		};
		1C40E7091C6AC59A0044F2D3 /* Release */ = {
			isa = XCBuildConfiguration;
			buildSettings = {
				INFOPLIST_FILE = CoreDataImportKitTests/Info.plist;
				LD_RUNPATH_SEARCH_PATHS = "$(inherited) @executable_path/Frameworks @loader_path/Frameworks";
				PRODUCT_BUNDLE_IDENTIFIER = com.orangeqc.CoreDataImportKitTests;
				PRODUCT_NAME = "$(TARGET_NAME)";
			};
			name = Release;
		};
/* End XCBuildConfiguration section */

/* Begin XCConfigurationList section */
		1C40E6EA1C6AC5990044F2D3 /* Build configuration list for PBXProject "CoreDataImportKit" */ = {
			isa = XCConfigurationList;
			buildConfigurations = (
				1C40E7021C6AC59A0044F2D3 /* Debug */,
				1C40E7031C6AC59A0044F2D3 /* Release */,
			);
			defaultConfigurationIsVisible = 0;
			defaultConfigurationName = Release;
		};
		1C40E7041C6AC59A0044F2D3 /* Build configuration list for PBXNativeTarget "CoreDataImportKit" */ = {
			isa = XCConfigurationList;
			buildConfigurations = (
				1C40E7051C6AC59A0044F2D3 /* Debug */,
				1C40E7061C6AC59A0044F2D3 /* Release */,
			);
			defaultConfigurationIsVisible = 0;
			defaultConfigurationName = Release;
		};
		1C40E7071C6AC59A0044F2D3 /* Build configuration list for PBXNativeTarget "CoreDataImportKitTests" */ = {
			isa = XCConfigurationList;
			buildConfigurations = (
				1C40E7081C6AC59A0044F2D3 /* Debug */,
				1C40E7091C6AC59A0044F2D3 /* Release */,
			);
			defaultConfigurationIsVisible = 0;
			defaultConfigurationName = Release;
		};
/* End XCConfigurationList section */

/* Begin XCVersionGroup section */
		1C56453E1C6BE63F007D0C24 /* CDICoreData.xcdatamodeld */ = {
			isa = XCVersionGroup;
			children = (
				1C56453F1C6BE63F007D0C24 /* CDICoreData.xcdatamodel */,
			);
			currentVersion = 1C56453F1C6BE63F007D0C24 /* CDICoreData.xcdatamodel */;
			name = CDICoreData.xcdatamodeld;
			path = Models/CDICoreData.xcdatamodeld;
			sourceTree = "<group>";
			versionGroupType = wrapper.xcdatamodel;
		};
/* End XCVersionGroup section */
	};
	rootObject = 1C40E6E71C6AC5990044F2D3 /* Project object */;
}
